
Microsoft Visual Studio Solution File, Format Version 12.00
# Visual Studio Version 16
VisualStudioVersion = 16.0.30204.135
MinimumVisualStudioVersion = 10.0.40219.1
Project("{FAE04EC0-301F-11D3-BF4B-00C04F79EFBC}") = "Lucca.Expense", "Lucca.Expense\Lucca.Expense.csproj", "{255A821D-996A-4141-B98C-58BBC7C283E1}"
EndProject
Project("{00D1A9C2-B5F0-4AF3-8072-F6C62B433612}") = "LuccaDatabase", "LuccaDatabase\LuccaDatabase.sqlproj", "{2900AABF-D149-4145-B598-197D77494D33}"
EndProject
Project("{2150E333-8FDC-42A3-9474-1A3956D46DE8}") = "UnitTests", "UnitTests", "{04EA53F6-D2B8-46DB-A444-FE54ED46ECB6}"
EndProject
Project("{FAE04EC0-301F-11D3-BF4B-00C04F79EFBC}") = "Lucca.Expense.Tests", "UnitTests\Lucca.Expense.Tests\Lucca.Expense.Tests.csproj", "{0CD86991-2CFB-46F6-B0FC-5179F2B6DA59}"
EndProject
Global
	GlobalSection(SolutionConfigurationPlatforms) = preSolution
		Debug|Any CPU = Debug|Any CPU
		Release|Any CPU = Release|Any CPU
	EndGlobalSection
	GlobalSection(ProjectConfigurationPlatforms) = postSolution
		{255A821D-996A-4141-B98C-58BBC7C283E1}.Debug|Any CPU.ActiveCfg = Debug|Any CPU
		{255A821D-996A-4141-B98C-58BBC7C283E1}.Debug|Any CPU.Build.0 = Debug|Any CPU
		{255A821D-996A-4141-B98C-58BBC7C283E1}.Release|Any CPU.ActiveCfg = Release|Any CPU
		{255A821D-996A-4141-B98C-58BBC7C283E1}.Release|Any CPU.Build.0 = Release|Any CPU
		{2900AABF-D149-4145-B598-197D77494D33}.Debug|Any CPU.ActiveCfg = Debug|Any CPU
		{2900AABF-D149-4145-B598-197D77494D33}.Debug|Any CPU.Build.0 = Debug|Any CPU
		{2900AABF-D149-4145-B598-197D77494D33}.Debug|Any CPU.Deploy.0 = Debug|Any CPU
		{2900AABF-D149-4145-B598-197D77494D33}.Release|Any CPU.ActiveCfg = Release|Any CPU
		{2900AABF-D149-4145-B598-197D77494D33}.Release|Any CPU.Build.0 = Release|Any CPU
		{2900AABF-D149-4145-B598-197D77494D33}.Release|Any CPU.Deploy.0 = Release|Any CPU
		{0CD86991-2CFB-46F6-B0FC-5179F2B6DA59}.Debug|Any CPU.ActiveCfg = Debug|Any CPU
		{0CD86991-2CFB-46F6-B0FC-5179F2B6DA59}.Debug|Any CPU.Build.0 = Debug|Any CPU
		{0CD86991-2CFB-46F6-B0FC-5179F2B6DA59}.Release|Any CPU.ActiveCfg = Release|Any CPU
		{0CD86991-2CFB-46F6-B0FC-5179F2B6DA59}.Release|Any CPU.Build.0 = Release|Any CPU
	EndGlobalSection
	GlobalSection(SolutionProperties) = preSolution
		HideSolutionNode = FALSE
	EndGlobalSection
	GlobalSection(NestedProjects) = preSolution
		{0CD86991-2CFB-46F6-B0FC-5179F2B6DA59} = {04EA53F6-D2B8-46DB-A444-FE54ED46ECB6}
	EndGlobalSection
	GlobalSection(ExtensibilityGlobals) = postSolution
		SolutionGuid = {5D7A275F-9A1A-4F6F-BEF2-FB1030BFEB00}
	EndGlobalSection
EndGlobal
